
Microsoft Visual Studio Solution File, Format Version 12.00
# Visual Studio 14
VisualStudioVersion = 14.0.25123.0
MinimumVisualStudioVersion = 10.0.40219.1
Project("{FAE04EC0-301F-11D3-BF4B-00C04F79EFBC}") = "Palette Designer", "Palette Designer.csproj", "{17DF3E17-DE0E-45F8-ACF7-06C7F255A8B3}"
EndProject
Global
	GlobalSection(SolutionConfigurationPlatforms) = preSolution
		Debug|Any CPU = Debug|Any CPU
		Release|Any CPU = Release|Any CPU
		ReleaseCS|Any CPU = ReleaseCS|Any CPU
	EndGlobalSection
	GlobalSection(ProjectConfigurationPlatforms) = postSolution
		{17DF3E17-DE0E-45F8-ACF7-06C7F255A8B3}.Debug|Any CPU.ActiveCfg = Debug|Any CPU
		{17DF3E17-DE0E-45F8-ACF7-06C7F255A8B3}.Debug|Any CPU.Build.0 = Debug|Any CPU
		{17DF3E17-DE0E-45F8-ACF7-06C7F255A8B3}.Release|Any CPU.ActiveCfg = Release|Any CPU
		{17DF3E17-DE0E-45F8-ACF7-06C7F255A8B3}.Release|Any CPU.Build.0 = Release|Any CPU
		{17DF3E17-DE0E-45F8-ACF7-06C7F255A8B3}.ReleaseCS|Any CPU.ActiveCfg = ReleaseCS|Any CPU
		{17DF3E17-DE0E-45F8-ACF7-06C7F255A8B3}.ReleaseCS|Any CPU.Build.0 = ReleaseCS|Any CPU
	EndGlobalSection
	GlobalSection(SolutionProperties) = preSolution
		HideSolutionNode = FALSE
	EndGlobalSection
EndGlobal
