
Microsoft Visual Studio Solution File, Format Version 12.00
# Visual Studio 15
VisualStudioVersion = 15.0.27729.1
MinimumVisualStudioVersion = 10.0.40219.1
Project("{FAE04EC0-301F-11D3-BF4B-00C04F79EFBC}") = "ComponentFactory.Krypton.Docking", "ComponentFactory.Krypton.Docking\ComponentFactory.Krypton.Docking.csproj", "{E00FF125-CB44-480B-847E-7B3D27E481EB}"
EndProject
Project("{FAE04EC0-301F-11D3-BF4B-00C04F79EFBC}") = "ComponentFactory.Krypton.Navigator", "ComponentFactory.Krypton.Navigator\ComponentFactory.Krypton.Navigator.csproj", "{DC0DD714-4D19-4F31-A6D0-EA209D4F0EA8}"
EndProject
Project("{FAE04EC0-301F-11D3-BF4B-00C04F79EFBC}") = "ComponentFactory.Krypton.Ribbon", "ComponentFactory.Krypton.Ribbon\ComponentFactory.Krypton.Ribbon.csproj", "{E90FC375-453D-4FE4-9822-CE1DB85B6553}"
EndProject
Project("{FAE04EC0-301F-11D3-BF4B-00C04F79EFBC}") = "ComponentFactory.Krypton.Toolkit", "ComponentFactory.Krypton.Toolkit\ComponentFactory.Krypton.Toolkit.csproj", "{96ECAECC-54F8-4AA5-8591-B443C2D9565F}"
EndProject
Project("{FAE04EC0-301F-11D3-BF4B-00C04F79EFBC}") = "ComponentFactory.Krypton.Workspace", "ComponentFactory.Krypton.Workspace\ComponentFactory.Krypton.Workspace.csproj", "{9144BA04-155B-4B66-B85A-9A89AA93F7D4}"
EndProject
Global
	GlobalSection(SolutionConfigurationPlatforms) = preSolution
		Debug|Any CPU = Debug|Any CPU
		Release|Any CPU = Release|Any CPU
	EndGlobalSection
	GlobalSection(ProjectConfigurationPlatforms) = postSolution
		{E00FF125-CB44-480B-847E-7B3D27E481EB}.Debug|Any CPU.ActiveCfg = Debug|Any CPU
		{E00FF125-CB44-480B-847E-7B3D27E481EB}.Debug|Any CPU.Build.0 = Debug|Any CPU
		{E00FF125-CB44-480B-847E-7B3D27E481EB}.Release|Any CPU.ActiveCfg = Release|Any CPU
		{E00FF125-CB44-480B-847E-7B3D27E481EB}.Release|Any CPU.Build.0 = Release|Any CPU
		{DC0DD714-4D19-4F31-A6D0-EA209D4F0EA8}.Debug|Any CPU.ActiveCfg = Debug|Any CPU
		{DC0DD714-4D19-4F31-A6D0-EA209D4F0EA8}.Debug|Any CPU.Build.0 = Debug|Any CPU
		{DC0DD714-4D19-4F31-A6D0-EA209D4F0EA8}.Release|Any CPU.ActiveCfg = Release|Any CPU
		{DC0DD714-4D19-4F31-A6D0-EA209D4F0EA8}.Release|Any CPU.Build.0 = Release|Any CPU
		{E90FC375-453D-4FE4-9822-CE1DB85B6553}.Debug|Any CPU.ActiveCfg = Debug|Any CPU
		{E90FC375-453D-4FE4-9822-CE1DB85B6553}.Debug|Any CPU.Build.0 = Debug|Any CPU
		{E90FC375-453D-4FE4-9822-CE1DB85B6553}.Release|Any CPU.ActiveCfg = Release|Any CPU
		{E90FC375-453D-4FE4-9822-CE1DB85B6553}.Release|Any CPU.Build.0 = Release|Any CPU
		{96ECAECC-54F8-4AA5-8591-B443C2D9565F}.Debug|Any CPU.ActiveCfg = Debug|Any CPU
		{96ECAECC-54F8-4AA5-8591-B443C2D9565F}.Debug|Any CPU.Build.0 = Debug|Any CPU
		{96ECAECC-54F8-4AA5-8591-B443C2D9565F}.Release|Any CPU.ActiveCfg = Release|Any CPU
		{96ECAECC-54F8-4AA5-8591-B443C2D9565F}.Release|Any CPU.Build.0 = Release|Any CPU
		{9144BA04-155B-4B66-B85A-9A89AA93F7D4}.Debug|Any CPU.ActiveCfg = Debug|Any CPU
		{9144BA04-155B-4B66-B85A-9A89AA93F7D4}.Debug|Any CPU.Build.0 = Debug|Any CPU
		{9144BA04-155B-4B66-B85A-9A89AA93F7D4}.Release|Any CPU.ActiveCfg = Release|Any CPU
		{9144BA04-155B-4B66-B85A-9A89AA93F7D4}.Release|Any CPU.Build.0 = Release|Any CPU
	EndGlobalSection
	GlobalSection(SolutionProperties) = preSolution
		HideSolutionNode = FALSE
	EndGlobalSection
	GlobalSection(ExtensibilityGlobals) = postSolution
		SolutionGuid = {E13E34D7-0297-4635-9ED0-58AA06374113}
	EndGlobalSection
EndGlobal
