
Microsoft Visual Studio Solution File, Format Version 12.00
# Visual Studio 14
VisualStudioVersion = 14.0.25123.0
MinimumVisualStudioVersion = 10.0.40219.1
Project("{FAE04EC0-301F-11D3-BF4B-00C04F79EFBC}") = "ComponentFactory.Krypton.Toolkit 2015", "ComponentFactory.Krypton.Toolkit\ComponentFactory.Krypton.Toolkit 2015.csproj", "{96ECAECC-54F8-4AA5-8591-B443C2D9565F}"
EndProject
Project("{FAE04EC0-301F-11D3-BF4B-00C04F79EFBC}") = "ComponentFactory.Krypton.Navigator 2015", "ComponentFactory.Krypton.Navigator\ComponentFactory.Krypton.Navigator 2015.csproj", "{DC0DD714-4D19-4F31-A6D0-EA209D4F0EA8}"
EndProject
Project("{FAE04EC0-301F-11D3-BF4B-00C04F79EFBC}") = "ComponentFactory.Krypton.Workspace 2015", "ComponentFactory.Krypton.Workspace\ComponentFactory.Krypton.Workspace 2015.csproj", "{9144BA04-155B-4B66-B85A-9A89AA93F7D4}"
EndProject
Project("{FAE04EC0-301F-11D3-BF4B-00C04F79EFBC}") = "ComponentFactory.Krypton.Ribbon 2015", "ComponentFactory.Krypton.Ribbon\ComponentFactory.Krypton.Ribbon 2015.csproj", "{E90FC375-453D-4FE4-9822-CE1DB85B6553}"
EndProject
Project("{FAE04EC0-301F-11D3-BF4B-00C04F79EFBC}") = "ComponentFactory.Krypton.Docking 2015", "ComponentFactory.Krypton.Docking\ComponentFactory.Krypton.Docking 2015.csproj", "{E00FF125-CB44-480B-847E-7B3D27E481EB}"
EndProject
Project("{FAE04EC0-301F-11D3-BF4B-00C04F79EFBC}") = "ComponentFactory.Krypton.Design 2015", "ComponentFactory.Krypton.Design\ComponentFactory.Krypton.Design 2015.csproj", "{6004C98A-6642-4DCF-906C-E0ED3581978F}"
EndProject
Global
	GlobalSection(SolutionConfigurationPlatforms) = preSolution
		Debug|Any CPU = Debug|Any CPU
		Release|Any CPU = Release|Any CPU
	EndGlobalSection
	GlobalSection(ProjectConfigurationPlatforms) = postSolution
		{96ECAECC-54F8-4AA5-8591-B443C2D9565F}.Debug|Any CPU.ActiveCfg = Debug|Any CPU
		{96ECAECC-54F8-4AA5-8591-B443C2D9565F}.Debug|Any CPU.Build.0 = Debug|Any CPU
		{96ECAECC-54F8-4AA5-8591-B443C2D9565F}.Release|Any CPU.ActiveCfg = Release|Any CPU
		{96ECAECC-54F8-4AA5-8591-B443C2D9565F}.Release|Any CPU.Build.0 = Release|Any CPU
		{DC0DD714-4D19-4F31-A6D0-EA209D4F0EA8}.Debug|Any CPU.ActiveCfg = Debug|Any CPU
		{DC0DD714-4D19-4F31-A6D0-EA209D4F0EA8}.Debug|Any CPU.Build.0 = Debug|Any CPU
		{DC0DD714-4D19-4F31-A6D0-EA209D4F0EA8}.Release|Any CPU.ActiveCfg = Release|Any CPU
		{DC0DD714-4D19-4F31-A6D0-EA209D4F0EA8}.Release|Any CPU.Build.0 = Release|Any CPU
		{9144BA04-155B-4B66-B85A-9A89AA93F7D4}.Debug|Any CPU.ActiveCfg = Debug|Any CPU
		{9144BA04-155B-4B66-B85A-9A89AA93F7D4}.Debug|Any CPU.Build.0 = Debug|Any CPU
		{9144BA04-155B-4B66-B85A-9A89AA93F7D4}.Release|Any CPU.ActiveCfg = Release|Any CPU
		{9144BA04-155B-4B66-B85A-9A89AA93F7D4}.Release|Any CPU.Build.0 = Release|Any CPU
		{E90FC375-453D-4FE4-9822-CE1DB85B6553}.Debug|Any CPU.ActiveCfg = Debug|Any CPU
		{E90FC375-453D-4FE4-9822-CE1DB85B6553}.Debug|Any CPU.Build.0 = Debug|Any CPU
		{E90FC375-453D-4FE4-9822-CE1DB85B6553}.Release|Any CPU.ActiveCfg = Release|Any CPU
		{E90FC375-453D-4FE4-9822-CE1DB85B6553}.Release|Any CPU.Build.0 = Release|Any CPU
		{E00FF125-CB44-480B-847E-7B3D27E481EB}.Debug|Any CPU.ActiveCfg = Debug|Any CPU
		{E00FF125-CB44-480B-847E-7B3D27E481EB}.Debug|Any CPU.Build.0 = Debug|Any CPU
		{E00FF125-CB44-480B-847E-7B3D27E481EB}.Release|Any CPU.ActiveCfg = Release|Any CPU
		{E00FF125-CB44-480B-847E-7B3D27E481EB}.Release|Any CPU.Build.0 = Release|Any CPU
		{6004C98A-6642-4DCF-906C-E0ED3581978F}.Debug|Any CPU.ActiveCfg = Debug|Any CPU
		{6004C98A-6642-4DCF-906C-E0ED3581978F}.Debug|Any CPU.Build.0 = Debug|Any CPU
		{6004C98A-6642-4DCF-906C-E0ED3581978F}.Release|Any CPU.ActiveCfg = Release|Any CPU
		{6004C98A-6642-4DCF-906C-E0ED3581978F}.Release|Any CPU.Build.0 = Release|Any CPU
	EndGlobalSection
	GlobalSection(SolutionProperties) = preSolution
		HideSolutionNode = FALSE
	EndGlobalSection
EndGlobal
