
Microsoft Visual Studio Solution File, Format Version 11.00
# Visual Studio 2010
Project("{54435603-DBB4-11D2-8724-00A0C9A8B90C}") = "Krypton Toolkit Source MM", "Krypton Toolkit Source MM\Krypton Toolkit Source MM.vdproj", "{7887D434-FFE2-4176-A852-6F65147B1529}"
EndProject
Project("{54435603-DBB4-11D2-8724-00A0C9A8B90C}") = "Krypton Navigator Source MM", "Krypton Navigator Source MM\Krypton Navigator Source MM.vdproj", "{FBE1CE3E-A03C-41D3-B44C-31B53EC408A6}"
EndProject
Project("{54435603-DBB4-11D2-8724-00A0C9A8B90C}") = "Krypton MM", "Krypton MM\Krypton MM.vdproj", "{3B8CB232-0516-42F0-A907-D629A4982694}"
EndProject
Project("{54435603-DBB4-11D2-8724-00A0C9A8B90C}") = "Krypton Ribbon Source MM", "Krypton Ribbon Source MM\Krypton Ribbon Source MM.vdproj", "{94584C17-CBCF-423C-B285-1AAFD491F96B}"
EndProject
Project("{54435603-DBB4-11D2-8724-00A0C9A8B90C}") = "Krypton Suite Source", "Krypton Suite Source\Krypton Suite Source.vdproj", "{0DFF9F60-052B-4910-8193-C7C166C4393C}"
EndProject
Project("{54435603-DBB4-11D2-8724-00A0C9A8B90C}") = "Krypton Workspace Source MM", "Krypton Workspace Source MM\Krypton Workspace Source MM.vdproj", "{20CF56A0-A49E-47A2-828B-5BD730E8F080}"
EndProject
Project("{54435603-DBB4-11D2-8724-00A0C9A8B90C}") = "Krypton Suite", "Krypton Suite\Krypton Suite.vdproj", "{84E38100-EA5A-4E02-B05F-10CCC121D178}"
EndProject
Project("{54435603-DBB4-11D2-8724-00A0C9A8B90C}") = "Krypton Docking Source MM", "Krypton Docking Source MM\Krypton Docking Source MM.vdproj", "{ABF4CCC2-040F-447F-8603-47DD422319F0}"
EndProject
Global
	GlobalSection(SolutionConfigurationPlatforms) = preSolution
		Debug|Default = Debug|Default
		Release|Default = Release|Default
	EndGlobalSection
	GlobalSection(ProjectConfigurationPlatforms) = postSolution
		{7887D434-FFE2-4176-A852-6F65147B1529}.Debug|Default.ActiveCfg = Debug
		{7887D434-FFE2-4176-A852-6F65147B1529}.Debug|Default.Build.0 = Debug
		{7887D434-FFE2-4176-A852-6F65147B1529}.Release|Default.ActiveCfg = Release
		{7887D434-FFE2-4176-A852-6F65147B1529}.Release|Default.Build.0 = Release
		{FBE1CE3E-A03C-41D3-B44C-31B53EC408A6}.Debug|Default.ActiveCfg = Debug
		{FBE1CE3E-A03C-41D3-B44C-31B53EC408A6}.Debug|Default.Build.0 = Debug
		{FBE1CE3E-A03C-41D3-B44C-31B53EC408A6}.Release|Default.ActiveCfg = Release
		{FBE1CE3E-A03C-41D3-B44C-31B53EC408A6}.Release|Default.Build.0 = Release
		{3B8CB232-0516-42F0-A907-D629A4982694}.Debug|Default.ActiveCfg = Debug
		{3B8CB232-0516-42F0-A907-D629A4982694}.Debug|Default.Build.0 = Debug
		{3B8CB232-0516-42F0-A907-D629A4982694}.Release|Default.ActiveCfg = Release
		{3B8CB232-0516-42F0-A907-D629A4982694}.Release|Default.Build.0 = Release
		{94584C17-CBCF-423C-B285-1AAFD491F96B}.Debug|Default.ActiveCfg = Debug
		{94584C17-CBCF-423C-B285-1AAFD491F96B}.Debug|Default.Build.0 = Debug
		{94584C17-CBCF-423C-B285-1AAFD491F96B}.Release|Default.ActiveCfg = Release
		{94584C17-CBCF-423C-B285-1AAFD491F96B}.Release|Default.Build.0 = Release
		{0DFF9F60-052B-4910-8193-C7C166C4393C}.Debug|Default.ActiveCfg = Debug
		{0DFF9F60-052B-4910-8193-C7C166C4393C}.Debug|Default.Build.0 = Debug
		{0DFF9F60-052B-4910-8193-C7C166C4393C}.Release|Default.ActiveCfg = Release
		{0DFF9F60-052B-4910-8193-C7C166C4393C}.Release|Default.Build.0 = Release
		{20CF56A0-A49E-47A2-828B-5BD730E8F080}.Debug|Default.ActiveCfg = Debug
		{20CF56A0-A49E-47A2-828B-5BD730E8F080}.Debug|Default.Build.0 = Debug
		{20CF56A0-A49E-47A2-828B-5BD730E8F080}.Release|Default.ActiveCfg = Release
		{20CF56A0-A49E-47A2-828B-5BD730E8F080}.Release|Default.Build.0 = Release
		{84E38100-EA5A-4E02-B05F-10CCC121D178}.Debug|Default.ActiveCfg = Debug
		{84E38100-EA5A-4E02-B05F-10CCC121D178}.Debug|Default.Build.0 = Debug
		{84E38100-EA5A-4E02-B05F-10CCC121D178}.Release|Default.ActiveCfg = Release
		{84E38100-EA5A-4E02-B05F-10CCC121D178}.Release|Default.Build.0 = Release
		{ABF4CCC2-040F-447F-8603-47DD422319F0}.Debug|Default.ActiveCfg = Debug
		{ABF4CCC2-040F-447F-8603-47DD422319F0}.Debug|Default.Build.0 = Debug
		{ABF4CCC2-040F-447F-8603-47DD422319F0}.Release|Default.ActiveCfg = Release
		{ABF4CCC2-040F-447F-8603-47DD422319F0}.Release|Default.Build.0 = Release
	EndGlobalSection
	GlobalSection(SolutionProperties) = preSolution
		HideSolutionNode = FALSE
	EndGlobalSection
EndGlobal
